PODS:
  - FlagPhoneNumber (0.8.0):
    - FlagPhoneNumber/libPhoneNumberiOS (= 0.8.0)
  - FlagPhoneNumber/libPhoneNumberiOS (0.8.0)

DEPENDENCIES:
  - FlagPhoneNumber

SPEC REPOS:
  trunk:
    - FlagPhoneNumber

SPEC CHECKSUMS:
  FlagPhoneNumber: 3712455b95f66cb0f2016fef7d9e34cddf8c7f9a

PODFILE CHECKSUM: f9dcacbc2a47a6ed4bf8bf4716c27537af5818ff

COCOAPODS: 1.9.3
