// !$*UTF8*$!
{
	archiveVersion = 1;
	classes = {
	};
	objectVersion = 50;
	objects = {

/* Begin PBXBuildFile section */
		7397AC8624AC93B8007AE5E7 /* AppDelegate.swift in Sources */ = {isa = PBXBuildFile; fileRef = 7397AC8524AC93B8007AE5E7 /* AppDelegate.swift */; };
		7397AC8824AC93B8007AE5E7 /* SceneDelegate.swift in Sources */ = {isa = PBXBuildFile; fileRef = 7397AC8724AC93B8007AE5E7 /* SceneDelegate.swift */; };
		7397AC8A24AC93B8007AE5E7 /* WelcomeViewController.swift in Sources */ = {isa = PBXBuildFile; fileRef = 7397AC8924AC93B8007AE5E7 /* WelcomeViewController.swift */; };
		7397AC8D24AC93B8007AE5E7 /* Main.storyboard in Resources */ = {isa = PBXBuildFile; fileRef = 7397AC8B24AC93B8007AE5E7 /* Main.storyboard */; };
		7397AC8F24AC93BF007AE5E7 /* Assets.xcassets in Resources */ = {isa = PBXBuildFile; fileRef = 7397AC8E24AC93BF007AE5E7 /* Assets.xcassets */; };
		7397AC9224AC93BF007AE5E7 /* LaunchScreen.storyboard in Resources */ = {isa = PBXBuildFile; fileRef = 7397AC9024AC93BF007AE5E7 /* LaunchScreen.storyboard */; };
		7397AC9D24AC93C0007AE5E7 /* UITests.swift in Sources */ = {isa = PBXBuildFile; fileRef = 7397AC9C24AC93C0007AE5E7 /* UITests.swift */; };
		7397ACA824AC93C0007AE5E7 /* UIUITests.swift in Sources */ = {isa = PBXBuildFile; fileRef = 7397ACA724AC93C0007AE5E7 /* UIUITests.swift */; };
		7397ACBF24ADFD8C007AE5E7 /* SF-Compact-Rounded-Regular.otf in Resources */ = {isa = PBXBuildFile; fileRef = 7397ACB624ADFD8B007AE5E7 /* SF-Compact-Rounded-Regular.otf */; };
		7397ACC024ADFD8C007AE5E7 /* SF-Compact-Rounded-Bold.otf in Resources */ = {isa = PBXBuildFile; fileRef = 7397ACB724ADFD8B007AE5E7 /* SF-Compact-Rounded-Bold.otf */; };
		7397ACC124ADFD8C007AE5E7 /* SF-Compact-Rounded-Medium.otf in Resources */ = {isa = PBXBuildFile; fileRef = 7397ACB824ADFD8B007AE5E7 /* SF-Compact-Rounded-Medium.otf */; };
		7397ACC224ADFD8C007AE5E7 /* SF-Compact-Rounded-Semibold.otf in Resources */ = {isa = PBXBuildFile; fileRef = 7397ACB924ADFD8B007AE5E7 /* SF-Compact-Rounded-Semibold.otf */; };
		7397ACC324ADFD8C007AE5E7 /* SF-Compact-Rounded-Ultralight.otf in Resources */ = {isa = PBXBuildFile; fileRef = 7397ACBA24ADFD8B007AE5E7 /* SF-Compact-Rounded-Ultralight.otf */; };
		7397ACC424ADFD8C007AE5E7 /* SF-Compact-Rounded-Heavy.otf in Resources */ = {isa = PBXBuildFile; fileRef = 7397ACBB24ADFD8C007AE5E7 /* SF-Compact-Rounded-Heavy.otf */; };
		7397ACC524ADFD8C007AE5E7 /* SF-Compact-Rounded-Black.otf in Resources */ = {isa = PBXBuildFile; fileRef = 7397ACBC24ADFD8C007AE5E7 /* SF-Compact-Rounded-Black.otf */; };
		7397ACC624ADFD8C007AE5E7 /* SF-Compact-Rounded-Light.otf in Resources */ = {isa = PBXBuildFile; fileRef = 7397ACBD24ADFD8C007AE5E7 /* SF-Compact-Rounded-Light.otf */; };
		7397ACC724ADFD8C007AE5E7 /* SF-Compact-Rounded-Thin.otf in Resources */ = {isa = PBXBuildFile; fileRef = 7397ACBE24ADFD8C007AE5E7 /* SF-Compact-Rounded-Thin.otf */; };
		7397ACCB24AE2ACE007AE5E7 /* Screenshot 2020-07-02 at 5.40.06 PM.png in Resources */ = {isa = PBXBuildFile; fileRef = 7397ACCA24AE2ACE007AE5E7 /* Screenshot 2020-07-02 at 5.40.06 PM.png */; };
/* End PBXBuildFile section */

/* Begin PBXContainerItemProxy section */
		7397AC9924AC93C0007AE5E7 /* PBXContainerItemProxy */ = {
			isa = PBXContainerItemProxy;
			containerPortal = 7397AC7A24AC93B8007AE5E7 /* Project object */;
			proxyType = 1;
			remoteGlobalIDString = 7397AC8124AC93B8007AE5E7;
			remoteInfo = UI;
		};
		7397ACA424AC93C0007AE5E7 /* PBXContainerItemProxy */ = {
			isa = PBXContainerItemProxy;
			containerPortal = 7397AC7A24AC93B8007AE5E7 /* Project object */;
			proxyType = 1;
			remoteGlobalIDString = 7397AC8124AC93B8007AE5E7;
			remoteInfo = UI;
		};
/* End PBXContainerItemProxy section */

/* Begin PBXFileReference section */
		7397AC8224AC93B8007AE5E7 /* UI.app */ = {isa = PBXFileReference; explicitFileType = wrapper.application; includeInIndex = 0; path = UI.app; sourceTree = BUILT_PRODUCTS_DIR; };
		7397AC8524AC93B8007AE5E7 /* AppDelegate.swift */ = {isa = PBXFileReference; lastKnownFileType = sourcecode.swift; path = AppDelegate.swift; sourceTree = "<group>"; };
		7397AC8724AC93B8007AE5E7 /* SceneDelegate.swift */ = {isa = PBXFileReference; lastKnownFileType = sourcecode.swift; path = SceneDelegate.swift; sourceTree = "<group>"; };
		7397AC8924AC93B8007AE5E7 /* WelcomeViewController.swift */ = {isa = PBXFileReference; lastKnownFileType = sourcecode.swift; path = WelcomeViewController.swift; sourceTree = "<group>"; };
		7397AC8C24AC93B8007AE5E7 /* Base */ = {isa = PBXFileReference; lastKnownFileType = file.storyboard; name = Base; path = Base.lproj/Main.storyboard; sourceTree = "<group>"; };
		7397AC8E24AC93BF007AE5E7 /* Assets.xcassets */ = {isa = PBXFileReference; lastKnownFileType = folder.assetcatalog; path = Assets.xcassets; sourceTree = "<group>"; };
		7397AC9124AC93BF007AE5E7 /* Base */ = {isa = PBXFileReference; lastKnownFileType = file.storyboard; name = Base; path = Base.lproj/LaunchScreen.storyboard; sourceTree = "<group>"; };
		7397AC9324AC93BF007AE5E7 /* Info.plist */ = {isa = PBXFileReference; lastKnownFileType = text.plist.xml; path = Info.plist; sourceTree = "<group>"; };
		7397AC9824AC93C0007AE5E7 /* UITests.xctest */ = {isa = PBXFileReference; explicitFileType = wrapper.cfbundle; includeInIndex = 0; path = UITests.xctest; sourceTree = BUILT_PRODUCTS_DIR; };
		7397AC9C24AC93C0007AE5E7 /* UITests.swift */ = {isa = PBXFileReference; lastKnownFileType = sourcecode.swift; path = UITests.swift; sourceTree = "<group>"; };
		7397AC9E24AC93C0007AE5E7 /* Info.plist */ = {isa = PBXFileReference; lastKnownFileType = text.plist.xml; path = Info.plist; sourceTree = "<group>"; };
		7397ACA324AC93C0007AE5E7 /* UIUITests.xctest */ = {isa = PBXFileReference; explicitFileType = wrapper.cfbundle; includeInIndex = 0; path = UIUITests.xctest; sourceTree = BUILT_PRODUCTS_DIR; };
		7397ACA724AC93C0007AE5E7 /* UIUITests.swift */ = {isa = PBXFileReference; lastKnownFileType = sourcecode.swift; path = UIUITests.swift; sourceTree = "<group>"; };
		7397ACA924AC93C0007AE5E7 /* Info.plist */ = {isa = PBXFileReference; lastKnownFileType = text.plist.xml; path = Info.plist; sourceTree = "<group>"; };
		7397ACB624ADFD8B007AE5E7 /* SF-Compact-Rounded-Regular.otf */ = {isa = PBXFileReference; lastKnownFileType = file; path = "SF-Compact-Rounded-Regular.otf"; sourceTree = "<group>"; };
		7397ACB724ADFD8B007AE5E7 /* SF-Compact-Rounded-Bold.otf */ = {isa = PBXFileReference; lastKnownFileType = file; path = "SF-Compact-Rounded-Bold.otf"; sourceTree = "<group>"; };
		7397ACB824ADFD8B007AE5E7 /* SF-Compact-Rounded-Medium.otf */ = {isa = PBXFileReference; lastKnownFileType = file; path = "SF-Compact-Rounded-Medium.otf"; sourceTree = "<group>"; };
		7397ACB924ADFD8B007AE5E7 /* SF-Compact-Rounded-Semibold.otf */ = {isa = PBXFileReference; lastKnownFileType = file; path = "SF-Compact-Rounded-Semibold.otf"; sourceTree = "<group>"; };
		7397ACBA24ADFD8B007AE5E7 /* SF-Compact-Rounded-Ultralight.otf */ = {isa = PBXFileReference; lastKnownFileType = file; path = "SF-Compact-Rounded-Ultralight.otf"; sourceTree = "<group>"; };
		7397ACBB24ADFD8C007AE5E7 /* SF-Compact-Rounded-Heavy.otf */ = {isa = PBXFileReference; lastKnownFileType = file; path = "SF-Compact-Rounded-Heavy.otf"; sourceTree = "<group>"; };
		7397ACBC24ADFD8C007AE5E7 /* SF-Compact-Rounded-Black.otf */ = {isa = PBXFileReference; lastKnownFileType = file; path = "SF-Compact-Rounded-Black.otf"; sourceTree = "<group>"; };
		7397ACBD24ADFD8C007AE5E7 /* SF-Compact-Rounded-Light.otf */ = {isa = PBXFileReference; lastKnownFileType = file; path = "SF-Compact-Rounded-Light.otf"; sourceTree = "<group>"; };
		7397ACBE24ADFD8C007AE5E7 /* SF-Compact-Rounded-Thin.otf */ = {isa = PBXFileReference; lastKnownFileType = file; path = "SF-Compact-Rounded-Thin.otf"; sourceTree = "<group>"; };
		7397ACCA24AE2ACE007AE5E7 /* Screenshot 2020-07-02 at 5.40.06 PM.png */ = {isa = PBXFileReference; lastKnownFileType = image.png; path = "Screenshot 2020-07-02 at 5.40.06 PM.png"; sourceTree = "<group>"; };
/* End PBXFileReference section */

/* Begin PBXFrameworksBuildPhase section */
		7397AC7F24AC93B8007AE5E7 /* Frameworks */ = {
			isa = PBXFrameworksBuildPhase;
			buildActionMask = 2147483647;
			files = (
			);
			runOnlyForDeploymentPostprocessing = 0;
		};
		7397AC9524AC93C0007AE5E7 /* Frameworks */ = {
			isa = PBXFrameworksBuildPhase;
			buildActionMask = 2147483647;
			files = (
			);
			runOnlyForDeploymentPostprocessing = 0;
		};
		7397ACA024AC93C0007AE5E7 /* Frameworks */ = {
			isa = PBXFrameworksBuildPhase;
			buildActionMask = 2147483647;
			files = (
			);
			runOnlyForDeploymentPostprocessing = 0;
		};
/* End PBXFrameworksBuildPhase section */

/* Begin PBXGroup section */
		7397AC7924AC93B8007AE5E7 = {
			isa = PBXGroup;
			children = (
				7397AC8424AC93B8007AE5E7 /* UI */,
				7397AC9B24AC93C0007AE5E7 /* UITests */,
				7397ACA624AC93C0007AE5E7 /* UIUITests */,
				7397AC8324AC93B8007AE5E7 /* Products */,
			);
			sourceTree = "<group>";
		};
		7397AC8324AC93B8007AE5E7 /* Products */ = {
			isa = PBXGroup;
			children = (
				7397AC8224AC93B8007AE5E7 /* UI.app */,
				7397AC9824AC93C0007AE5E7 /* UITests.xctest */,
				7397ACA324AC93C0007AE5E7 /* UIUITests.xctest */,
			);
			name = Products;
			sourceTree = "<group>";
		};
		7397AC8424AC93B8007AE5E7 /* UI */ = {
			isa = PBXGroup;
			children = (
				7397ACB524ADFBAE007AE5E7 /* Fonts */,
				7397AC8524AC93B8007AE5E7 /* AppDelegate.swift */,
				7397AC8724AC93B8007AE5E7 /* SceneDelegate.swift */,
				7397AC8924AC93B8007AE5E7 /* WelcomeViewController.swift */,
				7397AC8B24AC93B8007AE5E7 /* Main.storyboard */,
				7397AC8E24AC93BF007AE5E7 /* Assets.xcassets */,
				7397ACCA24AE2ACE007AE5E7 /* Screenshot 2020-07-02 at 5.40.06 PM.png */,
				7397AC9024AC93BF007AE5E7 /* LaunchScreen.storyboard */,
				7397AC9324AC93BF007AE5E7 /* Info.plist */,
			);
			path = UI;
			sourceTree = "<group>";
		};
		7397AC9B24AC93C0007AE5E7 /* UITests */ = {
			isa = PBXGroup;
			children = (
				7397AC9C24AC93C0007AE5E7 /* UITests.swift */,
				7397AC9E24AC93C0007AE5E7 /* Info.plist */,
			);
			path = UITests;
			sourceTree = "<group>";
		};
		7397ACA624AC93C0007AE5E7 /* UIUITests */ = {
			isa = PBXGroup;
			children = (
				7397ACA724AC93C0007AE5E7 /* UIUITests.swift */,
				7397ACA924AC93C0007AE5E7 /* Info.plist */,
			);
			path = UIUITests;
			sourceTree = "<group>";
		};
		7397ACB524ADFBAE007AE5E7 /* Fonts */ = {
			isa = PBXGroup;
			children = (
				7397ACBC24ADFD8C007AE5E7 /* SF-Compact-Rounded-Black.otf */,
				7397ACB724ADFD8B007AE5E7 /* SF-Compact-Rounded-Bold.otf */,
				7397ACBB24ADFD8C007AE5E7 /* SF-Compact-Rounded-Heavy.otf */,
				7397ACBD24ADFD8C007AE5E7 /* SF-Compact-Rounded-Light.otf */,
				7397ACB624ADFD8B007AE5E7 /* SF-Compact-Rounded-Regular.otf */,
				7397ACB824ADFD8B007AE5E7 /* SF-Compact-Rounded-Medium.otf */,
				7397ACB924ADFD8B007AE5E7 /* SF-Compact-Rounded-Semibold.otf */,
				7397ACBE24ADFD8C007AE5E7 /* SF-Compact-Rounded-Thin.otf */,
				7397ACBA24ADFD8B007AE5E7 /* SF-Compact-Rounded-Ultralight.otf */,
			);
			path = Fonts;
			sourceTree = "<group>";
		};
/* End PBXGroup section */

/* Begin PBXNativeTarget section */
		7397AC8124AC93B8007AE5E7 /* UI */ = {
			isa = PBXNativeTarget;
			buildConfigurationList = 7397ACAC24AC93C0007AE5E7 /* Build configuration list for PBXNativeTarget "UI" */;
			buildPhases = (
				7397AC7E24AC93B8007AE5E7 /* Sources */,
				7397AC7F24AC93B8007AE5E7 /* Frameworks */,
				7397AC8024AC93B8007AE5E7 /* Resources */,
			);
			buildRules = (
			);
			dependencies = (
			);
			name = UI;
			productName = UI;
			productReference = 7397AC8224AC93B8007AE5E7 /* UI.app */;
			productType = "com.apple.product-type.application";
		};
		7397AC9724AC93C0007AE5E7 /* UITests */ = {
			isa = PBXNativeTarget;
			buildConfigurationList = 7397ACAF24AC93C0007AE5E7 /* Build configuration list for PBXNativeTarget "UITests" */;
			buildPhases = (
				7397AC9424AC93C0007AE5E7 /* Sources */,
				7397AC9524AC93C0007AE5E7 /* Frameworks */,
				7397AC9624AC93C0007AE5E7 /* Resources */,
			);
			buildRules = (
			);
			dependencies = (
				7397AC9A24AC93C0007AE5E7 /* PBXTargetDependency */,
			);
			name = UITests;
			productName = UITests;
			productReference = 7397AC9824AC93C0007AE5E7 /* UITests.xctest */;
			productType = "com.apple.product-type.bundle.unit-test";
		};
		7397ACA224AC93C0007AE5E7 /* UIUITests */ = {
			isa = PBXNativeTarget;
			buildConfigurationList = 7397ACB224AC93C0007AE5E7 /* Build configuration list for PBXNativeTarget "UIUITests" */;
			buildPhases = (
				7397AC9F24AC93C0007AE5E7 /* Sources */,
				7397ACA024AC93C0007AE5E7 /* Frameworks */,
				7397ACA124AC93C0007AE5E7 /* Resources */,
			);
			buildRules = (
			);
			dependencies = (
				7397ACA524AC93C0007AE5E7 /* PBXTargetDependency */,
			);
			name = UIUITests;
			productName = UIUITests;
			productReference = 7397ACA324AC93C0007AE5E7 /* UIUITests.xctest */;
			productType = "com.apple.product-type.bundle.ui-testing";
		};
/* End PBXNativeTarget section */

/* Begin PBXProject section */
		7397AC7A24AC93B8007AE5E7 /* Project object */ = {
			isa = PBXProject;
			attributes = {
				LastSwiftUpdateCheck = 1150;
				LastUpgradeCheck = 1150;
				ORGANIZATIONNAME = "Tatiana Podlesnykh";
				TargetAttributes = {
					7397AC8124AC93B8007AE5E7 = {
						CreatedOnToolsVersion = 11.5;
					};
					7397AC9724AC93C0007AE5E7 = {
						CreatedOnToolsVersion = 11.5;
						TestTargetID = 7397AC8124AC93B8007AE5E7;
					};
					7397ACA224AC93C0007AE5E7 = {
						CreatedOnToolsVersion = 11.5;
						TestTargetID = 7397AC8124AC93B8007AE5E7;
					};
				};
			};
			buildConfigurationList = 7397AC7D24AC93B8007AE5E7 /* Build configuration list for PBXProject "UI" */;
			compatibilityVersion = "Xcode 9.3";
			developmentRegion = en;
			hasScannedForEncodings = 0;
			knownRegions = (
				en,
				Base,
			);
			mainGroup = 7397AC7924AC93B8007AE5E7;
			productRefGroup = 7397AC8324AC93B8007AE5E7 /* Products */;
			projectDirPath = "";
			projectRoot = "";
			targets = (
				7397AC8124AC93B8007AE5E7 /* UI */,
				7397AC9724AC93C0007AE5E7 /* UITests */,
				7397ACA224AC93C0007AE5E7 /* UIUITests */,
			);
		};
/* End PBXProject section */

/* Begin PBXResourcesBuildPhase section */
		7397AC8024AC93B8007AE5E7 /* Resources */ = {
			isa = PBXResourcesBuildPhase;
			buildActionMask = 2147483647;
			files = (
				7397ACC324ADFD8C007AE5E7 /* SF-Compact-Rounded-Ultralight.otf in Resources */,
				7397ACC724ADFD8C007AE5E7 /* SF-Compact-Rounded-Thin.otf in Resources */,
				7397AC9224AC93BF007AE5E7 /* LaunchScreen.storyboard in Resources */,
				7397ACC224ADFD8C007AE5E7 /* SF-Compact-Rounded-Semibold.otf in Resources */,
				7397ACC024ADFD8C007AE5E7 /* SF-Compact-Rounded-Bold.otf in Resources */,
				7397AC8F24AC93BF007AE5E7 /* Assets.xcassets in Resources */,
				7397ACC624ADFD8C007AE5E7 /* SF-Compact-Rounded-Light.otf in Resources */,
				7397ACC124ADFD8C007AE5E7 /* SF-Compact-Rounded-Medium.otf in Resources */,
				7397ACCB24AE2ACE007AE5E7 /* Screenshot 2020-07-02 at 5.40.06 PM.png in Resources */,
				7397ACC424ADFD8C007AE5E7 /* SF-Compact-Rounded-Heavy.otf in Resources */,
				7397AC8D24AC93B8007AE5E7 /* Main.storyboard in Resources */,
				7397ACC524ADFD8C007AE5E7 /* SF-Compact-Rounded-Black.otf in Resources */,
				7397ACBF24ADFD8C007AE5E7 /* SF-Compact-Rounded-Regular.otf in Resources */,
			);
			runOnlyForDeploymentPostprocessing = 0;
		};
		7397AC9624AC93C0007AE5E7 /* Resources */ = {
			isa = PBXResourcesBuildPhase;
			buildActionMask = 2147483647;
			files = (
			);
			runOnlyForDeploymentPostprocessing = 0;
		};
		7397ACA124AC93C0007AE5E7 /* Resources */ = {
			isa = PBXResourcesBuildPhase;
			buildActionMask = 2147483647;
			files = (
			);
			runOnlyForDeploymentPostprocessing = 0;
		};
/* End PBXResourcesBuildPhase section */

/* Begin PBXSourcesBuildPhase section */
		7397AC7E24AC93B8007AE5E7 /* Sources */ = {
			isa = PBXSourcesBuildPhase;
			buildActionMask = 2147483647;
			files = (
				7397AC8A24AC93B8007AE5E7 /* WelcomeViewController.swift in Sources */,
				7397AC8624AC93B8007AE5E7 /* AppDelegate.swift in Sources */,
				7397AC8824AC93B8007AE5E7 /* SceneDelegate.swift in Sources */,
			);
			runOnlyForDeploymentPostprocessing = 0;
		};
		7397AC9424AC93C0007AE5E7 /* Sources */ = {
			isa = PBXSourcesBuildPhase;
			buildActionMask = 2147483647;
			files = (
				7397AC9D24AC93C0007AE5E7 /* UITests.swift in Sources */,
			);
			runOnlyForDeploymentPostprocessing = 0;
		};
		7397AC9F24AC93C0007AE5E7 /* Sources */ = {
			isa = PBXSourcesBuildPhase;
			buildActionMask = 2147483647;
			files = (
				7397ACA824AC93C0007AE5E7 /* UIUITests.swift in Sources */,
			);
			runOnlyForDeploymentPostprocessing = 0;
		};
/* End PBXSourcesBuildPhase section */

/* Begin PBXTargetDependency section */
		7397AC9A24AC93C0007AE5E7 /* PBXTargetDependency */ = {
			isa = PBXTargetDependency;
			target = 7397AC8124AC93B8007AE5E7 /* UI */;
			targetProxy = 7397AC9924AC93C0007AE5E7 /* PBXContainerItemProxy */;
		};
		7397ACA524AC93C0007AE5E7 /* PBXTargetDependency */ = {
			isa = PBXTargetDependency;
			target = 7397AC8124AC93B8007AE5E7 /* UI */;
			targetProxy = 7397ACA424AC93C0007AE5E7 /* PBXContainerItemProxy */;
		};
/* End PBXTargetDependency section */

/* Begin PBXVariantGroup section */
		7397AC8B24AC93B8007AE5E7 /* Main.storyboard */ = {
			isa = PBXVariantGroup;
			children = (
				7397AC8C24AC93B8007AE5E7 /* Base */,
			);
			name = Main.storyboard;
			sourceTree = "<group>";
		};
		7397AC9024AC93BF007AE5E7 /* LaunchScreen.storyboard */ = {
			isa = PBXVariantGroup;
			children = (
				7397AC9124AC93BF007AE5E7 /* Base */,
			);
			name = LaunchScreen.storyboard;
			sourceTree = "<group>";
		};
/* End PBXVariantGroup section */

/* Begin XCBuildConfiguration section */
		7397ACAA24AC93C0007AE5E7 /* Debug */ = {
			isa = XCBuildConfiguration;
			buildSettings = {
				ALWAYS_SEARCH_USER_PATHS = NO;
				CLANG_ANALYZER_NONNULL = YES;
				CLANG_ANALYZER_NUMBER_OBJECT_CONVERSION = YES_AGGRESSIVE;
				CLANG_CXX_LANGUAGE_STANDARD = "gnu++14";
				CLANG_CXX_LIBRARY = "libc++";
				CLANG_ENABLE_MODULES = YES;
				CLANG_ENABLE_OBJC_ARC = YES;
				CLANG_ENABLE_OBJC_WEAK = YES;
				CLANG_WARN_BLOCK_CAPTURE_AUTORELEASING = YES;
				CLANG_WARN_BOOL_CONVERSION = YES;
				CLANG_WARN_COMMA = YES;
				CLANG_WARN_CONSTANT_CONVERSION = YES;
				CLANG_WARN_DEPRECATED_OBJC_IMPLEMENTATIONS = YES;
				CLANG_WARN_DIRECT_OBJC_ISA_USAGE = YES_ERROR;
				CLANG_WARN_DOCUMENTATION_COMMENTS = YES;
				CLANG_WARN_EMPTY_BODY = YES;
				CLANG_WARN_ENUM_CONVERSION = YES;
				CLANG_WARN_INFINITE_RECURSION = YES;
				CLANG_WARN_INT_CONVERSION = YES;
				CLANG_WARN_NON_LITERAL_NULL_CONVERSION = YES;
				CLANG_WARN_OBJC_IMPLICIT_RETAIN_SELF = YES;
				CLANG_WARN_OBJC_LITERAL_CONVERSION = YES;
				CLANG_WARN_OBJC_ROOT_CLASS = YES_ERROR;
				CLANG_WARN_RANGE_LOOP_ANALYSIS = YES;
				CLANG_WARN_STRICT_PROTOTYPES = YES;
				CLANG_WARN_SUSPICIOUS_MOVE = YES;
				CLANG_WARN_UNGUARDED_AVAILABILITY = YES_AGGRESSIVE;
				CLANG_WARN_UNREACHABLE_CODE = YES;
				CLANG_WARN__DUPLICATE_METHOD_MATCH = YES;
				COPY_PHASE_STRIP = NO;
				DEBUG_INFORMATION_FORMAT = dwarf;
				ENABLE_STRICT_OBJC_MSGSEND = YES;
				ENABLE_TESTABILITY = YES;
				GCC_C_LANGUAGE_STANDARD = gnu11;
				GCC_DYNAMIC_NO_PIC = NO;
				GCC_NO_COMMON_BLOCKS = YES;
				GCC_OPTIMIZATION_LEVEL = 0;
				GCC_PREPROCESSOR_DEFINITIONS = (
					"DEBUG=1",
					"$(inherited)",
				);
				GCC_WARN_64_TO_32_BIT_CONVERSION = YES;
				GCC_WARN_ABOUT_RETURN_TYPE = YES_ERROR;
				GCC_WARN_UNDECLARED_SELECTOR = YES;
				GCC_WARN_UNINITIALIZED_AUTOS = YES_AGGRESSIVE;
				GCC_WARN_UNUSED_FUNCTION = YES;
				GCC_WARN_UNUSED_VARIABLE = YES;
				IPHONEOS_DEPLOYMENT_TARGET = 13.5;
				MTL_ENABLE_DEBUG_INFO = INCLUDE_SOURCE;
				MTL_FAST_MATH = YES;
				ONLY_ACTIVE_ARCH = YES;
				SDKROOT = iphoneos;
				SWIFT_ACTIVE_COMPILATION_CONDITIONS = DEBUG;
				SWIFT_OPTIMIZATION_LEVEL = "-Onone";
			};
			name = Debug;
		};
		7397ACAB24AC93C0007AE5E7 /* Release */ = {
			isa = XCBuildConfiguration;
			buildSettings = {
				ALWAYS_SEARCH_USER_PATHS = NO;
				CLANG_ANALYZER_NONNULL = YES;
				CLANG_ANALYZER_NUMBER_OBJECT_CONVERSION = YES_AGGRESSIVE;
				CLANG_CXX_LANGUAGE_STANDARD = "gnu++14";
				CLANG_CXX_LIBRARY = "libc++";
				CLANG_ENABLE_MODULES = YES;
				CLANG_ENABLE_OBJC_ARC = YES;
				CLANG_ENABLE_OBJC_WEAK = YES;
				CLANG_WARN_BLOCK_CAPTURE_AUTORELEASING = YES;
				CLANG_WARN_BOOL_CONVERSION = YES;
				CLANG_WARN_COMMA = YES;
				CLANG_WARN_CONSTANT_CONVERSION = YES;
				CLANG_WARN_DEPRECATED_OBJC_IMPLEMENTATIONS = YES;
				CLANG_WARN_DIRECT_OBJC_ISA_USAGE = YES_ERROR;
				CLANG_WARN_DOCUMENTATION_COMMENTS = YES;
				CLANG_WARN_EMPTY_BODY = YES;
				CLANG_WARN_ENUM_CONVERSION = YES;
				CLANG_WARN_INFINITE_RECURSION = YES;
				CLANG_WARN_INT_CONVERSION = YES;
				CLANG_WARN_NON_LITERAL_NULL_CONVERSION = YES;
				CLANG_WARN_OBJC_IMPLICIT_RETAIN_SELF = YES;
				CLANG_WARN_OBJC_LITERAL_CONVERSION = YES;
				CLANG_WARN_OBJC_ROOT_CLASS = YES_ERROR;
				CLANG_WARN_RANGE_LOOP_ANALYSIS = YES;
				CLANG_WARN_STRICT_PROTOTYPES = YES;
				CLANG_WARN_SUSPICIOUS_MOVE = YES;
				CLANG_WARN_UNGUARDED_AVAILABILITY = YES_AGGRESSIVE;
				CLANG_WARN_UNREACHABLE_CODE = YES;
				CLANG_WARN__DUPLICATE_METHOD_MATCH = YES;
				COPY_PHASE_STRIP = NO;
				DEBUG_INFORMATION_FORMAT = "dwarf-with-dsym";
				ENABLE_NS_ASSERTIONS = NO;
				ENABLE_STRICT_OBJC_MSGSEND = YES;
				GCC_C_LANGUAGE_STANDARD = gnu11;
				GCC_NO_COMMON_BLOCKS = YES;
				GCC_WARN_64_TO_32_BIT_CONVERSION = YES;
				GCC_WARN_ABOUT_RETURN_TYPE = YES_ERROR;
				GCC_WARN_UNDECLARED_SELECTOR = YES;
				GCC_WARN_UNINITIALIZED_AUTOS = YES_AGGRESSIVE;
				GCC_WARN_UNUSED_FUNCTION = YES;
				GCC_WARN_UNUSED_VARIABLE = YES;
				IPHONEOS_DEPLOYMENT_TARGET = 13.5;
				MTL_ENABLE_DEBUG_INFO = NO;
				MTL_FAST_MATH = YES;
				SDKROOT = iphoneos;
				SWIFT_COMPILATION_MODE = wholemodule;
				SWIFT_OPTIMIZATION_LEVEL = "-O";
				VALIDATE_PRODUCT = YES;
			};
			name = Release;
		};
		7397ACAD24AC93C0007AE5E7 /* Debug */ = {
			isa = XCBuildConfiguration;
			buildSettings = {
				ASSETCATALOG_COMPILER_APPICON_NAME = AppIcon;
				CODE_SIGN_STYLE = Automatic;
				DEVELOPMENT_TEAM = RQ88JH3YZ3;
				INFOPLIST_FILE = UI/Info.plist;
				LD_RUNPATH_SEARCH_PATHS = (
					"$(inherited)",
					"@executable_path/Frameworks",
				);
				MARKETING_VERSION = 0.1;
				PRODUCT_BUNDLE_IDENTIFIER = com.TanyEm.UI;
				PRODUCT_NAME = "$(TARGET_NAME)";
				SWIFT_VERSION = 5.0;
				TARGETED_DEVICE_FAMILY = "1,2";
			};
			name = Debug;
		};
		7397ACAE24AC93C0007AE5E7 /* Release */ = {
			isa = XCBuildConfiguration;
			buildSettings = {
				ASSETCATALOG_COMPILER_APPICON_NAME = AppIcon;
				CODE_SIGN_STYLE = Automatic;
				DEVELOPMENT_TEAM = RQ88JH3YZ3;
				INFOPLIST_FILE = UI/Info.plist;
				LD_RUNPATH_SEARCH_PATHS = (
					"$(inherited)",
					"@executable_path/Frameworks",
				);
				MARKETING_VERSION = 0.1;
				PRODUCT_BUNDLE_IDENTIFIER = com.TanyEm.UI;
				PRODUCT_NAME = "$(TARGET_NAME)";
				SWIFT_VERSION = 5.0;
				TARGETED_DEVICE_FAMILY = "1,2";
			};
			name = Release;
		};
		7397ACB024AC93C0007AE5E7 /* Debug */ = {
			isa = XCBuildConfiguration;
			buildSettings = {
				ALWAYS_EMBED_SWIFT_STANDARD_LIBRARIES = YES;
				BUNDLE_LOADER = "$(TEST_HOST)";
				CODE_SIGN_STYLE = Automatic;
				DEVELOPMENT_TEAM = RQ88JH3YZ3;
				INFOPLIST_FILE = UITests/Info.plist;
				IPHONEOS_DEPLOYMENT_TARGET = 13.5;
				LD_RUNPATH_SEARCH_PATHS = (
					"$(inherited)",
					"@executable_path/Frameworks",
					"@loader_path/Frameworks",
				);
				PRODUCT_BUNDLE_IDENTIFIER = com.TanyEm.UITests;
				PRODUCT_NAME = "$(TARGET_NAME)";
				SWIFT_VERSION = 5.0;
				TARGETED_DEVICE_FAMILY = "1,2";
				TEST_HOST = "$(BUILT_PRODUCTS_DIR)/UI.app/UI";
			};
			name = Debug;
		};
		7397ACB124AC93C0007AE5E7 /* Release */ = {
			isa = XCBuildConfiguration;
			buildSettings = {
				ALWAYS_EMBED_SWIFT_STANDARD_LIBRARIES = YES;
				BUNDLE_LOADER = "$(TEST_HOST)";
				CODE_SIGN_STYLE = Automatic;
				DEVELOPMENT_TEAM = RQ88JH3YZ3;
				INFOPLIST_FILE = UITests/Info.plist;
				IPHONEOS_DEPLOYMENT_TARGET = 13.5;
				LD_RUNPATH_SEARCH_PATHS = (
					"$(inherited)",
					"@executable_path/Frameworks",
					"@loader_path/Frameworks",
				);
				PRODUCT_BUNDLE_IDENTIFIER = com.TanyEm.UITests;
				PRODUCT_NAME = "$(TARGET_NAME)";
				SWIFT_VERSION = 5.0;
				TARGETED_DEVICE_FAMILY = "1,2";
				TEST_HOST = "$(BUILT_PRODUCTS_DIR)/UI.app/UI";
			};
			name = Release;
		};
		7397ACB324AC93C0007AE5E7 /* Debug */ = {
			isa = XCBuildConfiguration;
			buildSettings = {
				ALWAYS_EMBED_SWIFT_STANDARD_LIBRARIES = YES;
				CODE_SIGN_STYLE = Automatic;
				DEVELOPMENT_TEAM = RQ88JH3YZ3;
				INFOPLIST_FILE = UIUITests/Info.plist;
				LD_RUNPATH_SEARCH_PATHS = (
					"$(inherited)",
					"@executable_path/Frameworks",
					"@loader_path/Frameworks",
				);
				PRODUCT_BUNDLE_IDENTIFIER = com.TanyEm.UIUITests;
				PRODUCT_NAME = "$(TARGET_NAME)";
				SWIFT_VERSION = 5.0;
				TARGETED_DEVICE_FAMILY = "1,2";
				TEST_TARGET_NAME = UI;
			};
			name = Debug;
		};
		7397ACB424AC93C0007AE5E7 /* Release */ = {
			isa = XCBuildConfiguration;
			buildSettings = {
				ALWAYS_EMBED_SWIFT_STANDARD_LIBRARIES = YES;
				CODE_SIGN_STYLE = Automatic;
				DEVELOPMENT_TEAM = RQ88JH3YZ3;
				INFOPLIST_FILE = UIUITests/Info.plist;
				LD_RUNPATH_SEARCH_PATHS = (
					"$(inherited)",
					"@executable_path/Frameworks",
					"@loader_path/Frameworks",
				);
				PRODUCT_BUNDLE_IDENTIFIER = com.TanyEm.UIUITests;
				PRODUCT_NAME = "$(TARGET_NAME)";
				SWIFT_VERSION = 5.0;
				TARGETED_DEVICE_FAMILY = "1,2";
				TEST_TARGET_NAME = UI;
			};
			name = Release;
		};
/* End XCBuildConfiguration section */

/* Begin XCConfigurationList section */
		7397AC7D24AC93B8007AE5E7 /* Build configuration list for PBXProject "UI" */ = {
			isa = XCConfigurationList;
			buildConfigurations = (
				7397ACAA24AC93C0007AE5E7 /* Debug */,
				7397ACAB24AC93C0007AE5E7 /* Release */,
			);
			defaultConfigurationIsVisible = 0;
			defaultConfigurationName = Release;
		};
		7397ACAC24AC93C0007AE5E7 /* Build configuration list for PBXNativeTarget "UI" */ = {
			isa = XCConfigurationList;
			buildConfigurations = (
				7397ACAD24AC93C0007AE5E7 /* Debug */,
				7397ACAE24AC93C0007AE5E7 /* Release */,
			);
			defaultConfigurationIsVisible = 0;
			defaultConfigurationName = Release;
		};
		7397ACAF24AC93C0007AE5E7 /* Build configuration list for PBXNativeTarget "UITests" */ = {
			isa = XCConfigurationList;
			buildConfigurations = (
				7397ACB024AC93C0007AE5E7 /* Debug */,
				7397ACB124AC93C0007AE5E7 /* Release */,
			);
			defaultConfigurationIsVisible = 0;
			defaultConfigurationName = Release;
		};
		7397ACB224AC93C0007AE5E7 /* Build configuration list for PBXNativeTarget "UIUITests" */ = {
			isa = XCConfigurationList;
			buildConfigurations = (
				7397ACB324AC93C0007AE5E7 /* Debug */,
				7397ACB424AC93C0007AE5E7 /* Release */,
			);
			defaultConfigurationIsVisible = 0;
			defaultConfigurationName = Release;
		};
/* End XCConfigurationList section */
	};
	rootObject = 7397AC7A24AC93B8007AE5E7 /* Project object */;
}
